# @generated by Move, please check-in and do not edit manually.

[move]
version = 2
manifest_digest = "85239914EE5C00492CB04278985E4F3EF66153EE9B31999AD272C37858838AD6"
deps_digest = "F8BBB0CCB2491CA29A3DF03D6F92277A4F3574266507ACD77214D37ECA3F3082"
dependencies = [
  { name = "Sui" },
]

[[move.package]]
name = "MoveStdlib"
source = { git = "https://github.com/MystenLabs/sui.git", rev = "framework/testnet", subdir = "crates/sui-framework/packages/move-stdlib" }

[[move.package]]
name = "Sui"
source = { git = "https://github.com/MystenLabs/sui.git", rev = "framework/testnet", subdir = "crates/sui-framework/packages/sui-framework" }

dependencies = [
  { name = "MoveStdlib" },
]

[move.toolchain-version]
compiler-version = "1.33.0"
edition = "2024.beta"
flavor = "sui"

[env]

[env.testnet]
chain-id = "4c78adac"
original-published-id = "0x4590939e94efb835368be768fea57a4e747b1d8b300fc33497a9ca1bff4889ee"
latest-published-id = "0x4590939e94efb835368be768fea57a4e747b1d8b300fc33497a9ca1bff4889ee"
published-version = "1"
